
Microsoft Visual Studio Solution File, Format Version 12.00
# Visual Studio Version 17
VisualStudioVersion = 17.0.31717.71
MinimumVisualStudioVersion = 10.0.40219.1
Project("{43337A90-1C61-4C8A-A3D5-0855ECF25606}") = "Video.Streaming.Platform.Ui.Server", "Server\Video.Streaming.Platform.Ui.Server.csproj", "{9704AFA3-8C8F-4DCE-9B0E-844B6C0D10B5}"
EndProject
Project("{43337A90-1C61-4C8A-A3D5-0855ECF25606}") = "Video.Streaming.Platform.Ui.Client", "Client\Video.Streaming.Platform.Ui.Client.csproj", "{4C1CE895-4E8C-4F46-B648-8B2CE50DD270}"
EndProject
Project("{43337A90-1C61-4C8A-A3D5-0855ECF25606}") = "Video.Streaming.Platform.Ui.Shared", "Shared\Video.Streaming.Platform.Ui.Shared.csproj", "{04BD690B-AD29-4643-B7E2-908B8971A2B5}"
EndProject
Global
	GlobalSection(SolutionConfigurationPlatforms) = preSolution
		Debug|Any CPU = Debug|Any CPU
		Release|Any CPU = Release|Any CPU
	EndGlobalSection
	GlobalSection(ProjectConfigurationPlatforms) = postSolution
		{9704AFA3-8C8F-4DCE-9B0E-844B6C0D10B5}.Debug|Any CPU.ActiveCfg = Debug|Any CPU
		{9704AFA3-8C8F-4DCE-9B0E-844B6C0D10B5}.Debug|Any CPU.Build.0 = Debug|Any CPU
		{9704AFA3-8C8F-4DCE-9B0E-844B6C0D10B5}.Release|Any CPU.ActiveCfg = Release|Any CPU
		{9704AFA3-8C8F-4DCE-9B0E-844B6C0D10B5}.Release|Any CPU.Build.0 = Release|Any CPU
		{4C1CE895-4E8C-4F46-B648-8B2CE50DD270}.Debug|Any CPU.ActiveCfg = Debug|Any CPU
		{4C1CE895-4E8C-4F46-B648-8B2CE50DD270}.Debug|Any CPU.Build.0 = Debug|Any CPU
		{4C1CE895-4E8C-4F46-B648-8B2CE50DD270}.Release|Any CPU.ActiveCfg = Release|Any CPU
		{4C1CE895-4E8C-4F46-B648-8B2CE50DD270}.Release|Any CPU.Build.0 = Release|Any CPU
		{04BD690B-AD29-4643-B7E2-908B8971A2B5}.Debug|Any CPU.ActiveCfg = Debug|Any CPU
		{04BD690B-AD29-4643-B7E2-908B8971A2B5}.Debug|Any CPU.Build.0 = Debug|Any CPU
		{04BD690B-AD29-4643-B7E2-908B8971A2B5}.Release|Any CPU.ActiveCfg = Release|Any CPU
		{04BD690B-AD29-4643-B7E2-908B8971A2B5}.Release|Any CPU.Build.0 = Release|Any CPU
	EndGlobalSection
	GlobalSection(SolutionProperties) = preSolution
		HideSolutionNode = FALSE
	EndGlobalSection
	GlobalSection(ExtensibilityGlobals) = postSolution
		SolutionGuid = {25042890-1DCD-4C1F-97F5-E6F48E43CE56}
	EndGlobalSection
EndGlobal